
Microsoft Visual Studio Solution File, Format Version 12.00
# Visual Studio 15
VisualStudioVersion = 15.0.27130.2010
MinimumVisualStudioVersion = 10.0.40219.1
Project("{FAE04EC0-301F-11D3-BF4B-00C04F79EFBC}") = "CsvExport", "CsvExport\CsvExport.csproj", "{E855828C-DE19-4307-87E2-A603523DCBA9}"
EndProject
Global
	GlobalSection(SolutionConfigurationPlatforms) = preSolution
		Debug|Any CPU = Debug|Any CPU
		Release|Any CPU = Release|Any CPU
	EndGlobalSection
	GlobalSection(ProjectConfigurationPlatforms) = postSolution
		{E855828C-DE19-4307-87E2-A603523DCBA9}.Debug|Any CPU.ActiveCfg = Debug|Any CPU
		{E855828C-DE19-4307-87E2-A603523DCBA9}.Debug|Any CPU.Build.0 = Debug|Any CPU
		{E855828C-DE19-4307-87E2-A603523DCBA9}.Release|Any CPU.ActiveCfg = Release|Any CPU
		{E855828C-DE19-4307-87E2-A603523DCBA9}.Release|Any CPU.Build.0 = Release|Any CPU
	EndGlobalSection
	GlobalSection(SolutionProperties) = preSolution
		HideSolutionNode = FALSE
	EndGlobalSection
	GlobalSection(ExtensibilityGlobals) = postSolution
		SolutionGuid = {F61F7E7E-E01F-410B-BB7A-28918854352C}
	EndGlobalSection
EndGlobal
